
Microsoft Visual Studio Solution File, Format Version 12.00
# Visual Studio 15
VisualStudioVersion = 15.0.26403.7
MinimumVisualStudioVersion = 10.0.40219.1
Project("{2150E333-8FDC-42A3-9474-1A3956D46DE8}") = "1 - Presentation", "1 - Presentation", "{805BC207-7043-4B6C-AA89-8CD099596F39}"
EndProject
Project("{2150E333-8FDC-42A3-9474-1A3956D46DE8}") = "1.1 - Mobile", "1.1 - Mobile", "{3B6ED3CD-46CC-4C74-A4C5-39964A4EBD9C}"
EndProject
Project("{2150E333-8FDC-42A3-9474-1A3956D46DE8}") = "1.2 - Api", "1.2 - Api", "{111B85E0-25D2-44EF-BCF7-1084BE9E0562}"
EndProject
Project("{FAE04EC0-301F-11D3-BF4B-00C04F79EFBC}") = "QualityPharmus.Web.Api", "QualityPharmus.Web.Api\QualityPharmus.Web.Api.csproj", "{85A4142A-1D8C-4629-9538-BD7673C687B3}"
EndProject
Project("{FAE04EC0-301F-11D3-BF4B-00C04F79EFBC}") = "QualityPharmus.Mobile.Android", "QualityPharmus.Mobile\QualityPharmus.Mobile.Android\QualityPharmus.Mobile.Android.csproj", "{1867FDE4-937F-4517-B0FE-EB104498ACCD}"
EndProject
Project("{FAE04EC0-301F-11D3-BF4B-00C04F79EFBC}") = "QualityPharmus.Mobile", "QualityPharmus.Mobile\QualityPharmus.Mobile\QualityPharmus.Mobile.csproj", "{6CEA437C-64BA-429D-A87A-DE8B9345ACF2}"
EndProject
Project("{FAE04EC0-301F-11D3-BF4B-00C04F79EFBC}") = "QualityPharmus.Mobile.UWP", "QualityPharmus.Mobile\QualityPharmus.Mobile.UWP\QualityPharmus.Mobile.UWP.csproj", "{DF777903-A00D-4652-8BFD-6A927E04FD55}"
EndProject
Project("{FAE04EC0-301F-11D3-BF4B-00C04F79EFBC}") = "QualityPharmus.Mobile.iOS", "QualityPharmus.Mobile\QualityPharmus.Mobile.iOS\QualityPharmus.Mobile.iOS.csproj", "{734A8C0F-03AC-4863-8A38-49EE6C0959FA}"
EndProject
Global
	GlobalSection(SolutionConfigurationPlatforms) = preSolution
		Ad-Hoc|Any CPU = Ad-Hoc|Any CPU
		Ad-Hoc|ARM = Ad-Hoc|ARM
		Ad-Hoc|iPhone = Ad-Hoc|iPhone
		Ad-Hoc|iPhoneSimulator = Ad-Hoc|iPhoneSimulator
		Ad-Hoc|x64 = Ad-Hoc|x64
		Ad-Hoc|x86 = Ad-Hoc|x86
		AppStore|Any CPU = AppStore|Any CPU
		AppStore|ARM = AppStore|ARM
		AppStore|iPhone = AppStore|iPhone
		AppStore|iPhoneSimulator = AppStore|iPhoneSimulator
		AppStore|x64 = AppStore|x64
		AppStore|x86 = AppStore|x86
		Debug|Any CPU = Debug|Any CPU
		Debug|ARM = Debug|ARM
		Debug|iPhone = Debug|iPhone
		Debug|iPhoneSimulator = Debug|iPhoneSimulator
		Debug|x64 = Debug|x64
		Debug|x86 = Debug|x86
		Release|Any CPU = Release|Any CPU
		Release|ARM = Release|ARM
		Release|iPhone = Release|iPhone
		Release|iPhoneSimulator = Release|iPhoneSimulator
		Release|x64 = Release|x64
		Release|x86 = Release|x86
	EndGlobalSection
	GlobalSection(ProjectConfigurationPlatforms) = postSolution
		{85A4142A-1D8C-4629-9538-BD7673C687B3}.Ad-Hoc|Any CPU.ActiveCfg = Release|Any CPU
		{85A4142A-1D8C-4629-9538-BD7673C687B3}.Ad-Hoc|Any CPU.Build.0 = Release|Any CPU
		{85A4142A-1D8C-4629-9538-BD7673C687B3}.Ad-Hoc|ARM.ActiveCfg = Release|Any CPU
		{85A4142A-1D8C-4629-9538-BD7673C687B3}.Ad-Hoc|ARM.Build.0 = Release|Any CPU
		{85A4142A-1D8C-4629-9538-BD7673C687B3}.Ad-Hoc|iPhone.ActiveCfg = Release|Any CPU
		{85A4142A-1D8C-4629-9538-BD7673C687B3}.Ad-Hoc|iPhone.Build.0 = Release|Any CPU
		{85A4142A-1D8C-4629-9538-BD7673C687B3}.Ad-Hoc|iPhoneSimulator.ActiveCfg = Release|Any CPU
		{85A4142A-1D8C-4629-9538-BD7673C687B3}.Ad-Hoc|iPhoneSimulator.Build.0 = Release|Any CPU
		{85A4142A-1D8C-4629-9538-BD7673C687B3}.Ad-Hoc|x64.ActiveCfg = Release|Any CPU
		{85A4142A-1D8C-4629-9538-BD7673C687B3}.Ad-Hoc|x64.Build.0 = Release|Any CPU
		{85A4142A-1D8C-4629-9538-BD7673C687B3}.Ad-Hoc|x86.ActiveCfg = Release|Any CPU
		{85A4142A-1D8C-4629-9538-BD7673C687B3}.Ad-Hoc|x86.Build.0 = Release|Any CPU
		{85A4142A-1D8C-4629-9538-BD7673C687B3}.AppStore|Any CPU.ActiveCfg = Release|Any CPU
		{85A4142A-1D8C-4629-9538-BD7673C687B3}.AppStore|Any CPU.Build.0 = Release|Any CPU
		{85A4142A-1D8C-4629-9538-BD7673C687B3}.AppStore|ARM.ActiveCfg = Release|Any CPU
		{85A4142A-1D8C-4629-9538-BD7673C687B3}.AppStore|ARM.Build.0 = Release|Any CPU
		{85A4142A-1D8C-4629-9538-BD7673C687B3}.AppStore|iPhone.ActiveCfg = Release|Any CPU
		{85A4142A-1D8C-4629-9538-BD7673C687B3}.AppStore|iPhone.Build.0 = Release|Any CPU
		{85A4142A-1D8C-4629-9538-BD7673C687B3}.AppStore|iPhoneSimulator.ActiveCfg = Release|Any CPU
		{85A4142A-1D8C-4629-9538-BD7673C687B3}.AppStore|iPhoneSimulator.Build.0 = Release|Any CPU
		{85A4142A-1D8C-4629-9538-BD7673C687B3}.AppStore|x64.ActiveCfg = Release|Any CPU
		{85A4142A-1D8C-4629-9538-BD7673C687B3}.AppStore|x64.Build.0 = Release|Any CPU
		{85A4142A-1D8C-4629-9538-BD7673C687B3}.AppStore|x86.ActiveCfg = Release|Any CPU
		{85A4142A-1D8C-4629-9538-BD7673C687B3}.AppStore|x86.Build.0 = Release|Any CPU
		{85A4142A-1D8C-4629-9538-BD7673C687B3}.Debug|Any CPU.ActiveCfg = Debug|Any CPU
		{85A4142A-1D8C-4629-9538-BD7673C687B3}.Debug|Any CPU.Build.0 = Debug|Any CPU
		{85A4142A-1D8C-4629-9538-BD7673C687B3}.Debug|ARM.ActiveCfg = Debug|Any CPU
		{85A4142A-1D8C-4629-9538-BD7673C687B3}.Debug|ARM.Build.0 = Debug|Any CPU
		{85A4142A-1D8C-4629-9538-BD7673C687B3}.Debug|iPhone.ActiveCfg = Debug|Any CPU
		{85A4142A-1D8C-4629-9538-BD7673C687B3}.Debug|iPhone.Build.0 = Debug|Any CPU
		{85A4142A-1D8C-4629-9538-BD7673C687B3}.Debug|iPhoneSimulator.ActiveCfg = Debug|Any CPU
		{85A4142A-1D8C-4629-9538-BD7673C687B3}.Debug|iPhoneSimulator.Build.0 = Debug|Any CPU
		{85A4142A-1D8C-4629-9538-BD7673C687B3}.Debug|x64.ActiveCfg = Debug|Any CPU
		{85A4142A-1D8C-4629-9538-BD7673C687B3}.Debug|x64.Build.0 = Debug|Any CPU
		{85A4142A-1D8C-4629-9538-BD7673C687B3}.Debug|x86.ActiveCfg = Debug|Any CPU
		{85A4142A-1D8C-4629-9538-BD7673C687B3}.Debug|x86.Build.0 = Debug|Any CPU
		{85A4142A-1D8C-4629-9538-BD7673C687B3}.Release|Any CPU.ActiveCfg = Release|Any CPU
		{85A4142A-1D8C-4629-9538-BD7673C687B3}.Release|Any CPU.Build.0 = Release|Any CPU
		{85A4142A-1D8C-4629-9538-BD7673C687B3}.Release|ARM.ActiveCfg = Release|Any CPU
		{85A4142A-1D8C-4629-9538-BD7673C687B3}.Release|ARM.Build.0 = Release|Any CPU
		{85A4142A-1D8C-4629-9538-BD7673C687B3}.Release|iPhone.ActiveCfg = Release|Any CPU
		{85A4142A-1D8C-4629-9538-BD7673C687B3}.Release|iPhone.Build.0 = Release|Any CPU
		{85A4142A-1D8C-4629-9538-BD7673C687B3}.Release|iPhoneSimulator.ActiveCfg = Release|Any CPU
		{85A4142A-1D8C-4629-9538-BD7673C687B3}.Release|iPhoneSimulator.Build.0 = Release|Any CPU
		{85A4142A-1D8C-4629-9538-BD7673C687B3}.Release|x64.ActiveCfg = Release|Any CPU
		{85A4142A-1D8C-4629-9538-BD7673C687B3}.Release|x64.Build.0 = Release|Any CPU
		{85A4142A-1D8C-4629-9538-BD7673C687B3}.Release|x86.ActiveCfg = Release|Any CPU
		{85A4142A-1D8C-4629-9538-BD7673C687B3}.Release|x86.Build.0 = Release|Any CPU
		{1867FDE4-937F-4517-B0FE-EB104498ACCD}.Ad-Hoc|Any CPU.ActiveCfg = Release|Any CPU
		{1867FDE4-937F-4517-B0FE-EB104498ACCD}.Ad-Hoc|Any CPU.Build.0 = Release|Any CPU
		{1867FDE4-937F-4517-B0FE-EB104498ACCD}.Ad-Hoc|Any CPU.Deploy.0 = Release|Any CPU
		{1867FDE4-937F-4517-B0FE-EB104498ACCD}.Ad-Hoc|ARM.ActiveCfg = Release|Any CPU
		{1867FDE4-937F-4517-B0FE-EB104498ACCD}.Ad-Hoc|ARM.Build.0 = Release|Any CPU
		{1867FDE4-937F-4517-B0FE-EB104498ACCD}.Ad-Hoc|ARM.Deploy.0 = Release|Any CPU
		{1867FDE4-937F-4517-B0FE-EB104498ACCD}.Ad-Hoc|iPhone.ActiveCfg = Release|Any CPU
		{1867FDE4-937F-4517-B0FE-EB104498ACCD}.Ad-Hoc|iPhone.Build.0 = Release|Any CPU
		{1867FDE4-937F-4517-B0FE-EB104498ACCD}.Ad-Hoc|iPhone.Deploy.0 = Release|Any CPU
		{1867FDE4-937F-4517-B0FE-EB104498ACCD}.Ad-Hoc|iPhoneSimulator.ActiveCfg = Release|Any CPU
		{1867FDE4-937F-4517-B0FE-EB104498ACCD}.Ad-Hoc|iPhoneSimulator.Build.0 = Release|Any CPU
		{1867FDE4-937F-4517-B0FE-EB104498ACCD}.Ad-Hoc|iPhoneSimulator.Deploy.0 = Release|Any CPU
		{1867FDE4-937F-4517-B0FE-EB104498ACCD}.Ad-Hoc|x64.ActiveCfg = Release|Any CPU
		{1867FDE4-937F-4517-B0FE-EB104498ACCD}.Ad-Hoc|x64.Build.0 = Release|Any CPU
		{1867FDE4-937F-4517-B0FE-EB104498ACCD}.Ad-Hoc|x64.Deploy.0 = Release|Any CPU
		{1867FDE4-937F-4517-B0FE-EB104498ACCD}.Ad-Hoc|x86.ActiveCfg = Release|Any CPU
		{1867FDE4-937F-4517-B0FE-EB104498ACCD}.Ad-Hoc|x86.Build.0 = Release|Any CPU
		{1867FDE4-937F-4517-B0FE-EB104498ACCD}.Ad-Hoc|x86.Deploy.0 = Release|Any CPU
		{1867FDE4-937F-4517-B0FE-EB104498ACCD}.AppStore|Any CPU.ActiveCfg = Release|Any CPU
		{1867FDE4-937F-4517-B0FE-EB104498ACCD}.AppStore|Any CPU.Build.0 = Release|Any CPU
		{1867FDE4-937F-4517-B0FE-EB104498ACCD}.AppStore|Any CPU.Deploy.0 = Release|Any CPU
		{1867FDE4-937F-4517-B0FE-EB104498ACCD}.AppStore|ARM.ActiveCfg = Release|Any CPU
		{1867FDE4-937F-4517-B0FE-EB104498ACCD}.AppStore|ARM.Build.0 = Release|Any CPU
		{1867FDE4-937F-4517-B0FE-EB104498ACCD}.AppStore|ARM.Deploy.0 = Release|Any CPU
		{1867FDE4-937F-4517-B0FE-EB104498ACCD}.AppStore|iPhone.ActiveCfg = Release|Any CPU
		{1867FDE4-937F-4517-B0FE-EB104498ACCD}.AppStore|iPhone.Build.0 = Release|Any CPU
		{1867FDE4-937F-4517-B0FE-EB104498ACCD}.AppStore|iPhone.Deploy.0 = Release|Any CPU
		{1867FDE4-937F-4517-B0FE-EB104498ACCD}.AppStore|iPhoneSimulator.ActiveCfg = Release|Any CPU
		{1867FDE4-937F-4517-B0FE-EB104498ACCD}.AppStore|iPhoneSimulator.Build.0 = Release|Any CPU
		{1867FDE4-937F-4517-B0FE-EB104498ACCD}.AppStore|iPhoneSimulator.Deploy.0 = Release|Any CPU
		{1867FDE4-937F-4517-B0FE-EB104498ACCD}.AppStore|x64.ActiveCfg = Release|Any CPU
		{1867FDE4-937F-4517-B0FE-EB104498ACCD}.AppStore|x64.Build.0 = Release|Any CPU
		{1867FDE4-937F-4517-B0FE-EB104498ACCD}.AppStore|x64.Deploy.0 = Release|Any CPU
		{1867FDE4-937F-4517-B0FE-EB104498ACCD}.AppStore|x86.ActiveCfg = Release|Any CPU
		{1867FDE4-937F-4517-B0FE-EB104498ACCD}.AppStore|x86.Build.0 = Release|Any CPU
		{1867FDE4-937F-4517-B0FE-EB104498ACCD}.AppStore|x86.Deploy.0 = Release|Any CPU
		{1867FDE4-937F-4517-B0FE-EB104498ACCD}.Debug|Any CPU.ActiveCfg = Debug|Any CPU
		{1867FDE4-937F-4517-B0FE-EB104498ACCD}.Debug|Any CPU.Build.0 = Debug|Any CPU
		{1867FDE4-937F-4517-B0FE-EB104498ACCD}.Debug|Any CPU.Deploy.0 = Debug|Any CPU
		{1867FDE4-937F-4517-B0FE-EB104498ACCD}.Debug|ARM.ActiveCfg = Debug|Any CPU
		{1867FDE4-937F-4517-B0FE-EB104498ACCD}.Debug|ARM.Build.0 = Debug|Any CPU
		{1867FDE4-937F-4517-B0FE-EB104498ACCD}.Debug|ARM.Deploy.0 = Debug|Any CPU
		{1867FDE4-937F-4517-B0FE-EB104498ACCD}.Debug|iPhone.ActiveCfg = Debug|Any CPU
		{1867FDE4-937F-4517-B0FE-EB104498ACCD}.Debug|iPhone.Build.0 = Debug|Any CPU
		{1867FDE4-937F-4517-B0FE-EB104498ACCD}.Debug|iPhone.Deploy.0 = Debug|Any CPU
		{1867FDE4-937F-4517-B0FE-EB104498ACCD}.Debug|iPhoneSimulator.ActiveCfg = Debug|Any CPU
		{1867FDE4-937F-4517-B0FE-EB104498ACCD}.Debug|iPhoneSimulator.Build.0 = Debug|Any CPU
		{1867FDE4-937F-4517-B0FE-EB104498ACCD}.Debug|iPhoneSimulator.Deploy.0 = Debug|Any CPU
		{1867FDE4-937F-4517-B0FE-EB104498ACCD}.Debug|x64.ActiveCfg = Debug|Any CPU
		{1867FDE4-937F-4517-B0FE-EB104498ACCD}.Debug|x64.Build.0 = Debug|Any CPU
		{1867FDE4-937F-4517-B0FE-EB104498ACCD}.Debug|x64.Deploy.0 = Debug|Any CPU
		{1867FDE4-937F-4517-B0FE-EB104498ACCD}.Debug|x86.ActiveCfg = Debug|Any CPU
		{1867FDE4-937F-4517-B0FE-EB104498ACCD}.Debug|x86.Build.0 = Debug|Any CPU
		{1867FDE4-937F-4517-B0FE-EB104498ACCD}.Debug|x86.Deploy.0 = Debug|Any CPU
		{1867FDE4-937F-4517-B0FE-EB104498ACCD}.Release|Any CPU.ActiveCfg = Release|Any CPU
		{1867FDE4-937F-4517-B0FE-EB104498ACCD}.Release|Any CPU.Build.0 = Release|Any CPU
		{1867FDE4-937F-4517-B0FE-EB104498ACCD}.Release|Any CPU.Deploy.0 = Release|Any CPU
		{1867FDE4-937F-4517-B0FE-EB104498ACCD}.Release|ARM.ActiveCfg = Release|Any CPU
		{1867FDE4-937F-4517-B0FE-EB104498ACCD}.Release|ARM.Build.0 = Release|Any CPU
		{1867FDE4-937F-4517-B0FE-EB104498ACCD}.Release|ARM.Deploy.0 = Release|Any CPU
		{1867FDE4-937F-4517-B0FE-EB104498ACCD}.Release|iPhone.ActiveCfg = Release|Any CPU
		{1867FDE4-937F-4517-B0FE-EB104498ACCD}.Release|iPhone.Build.0 = Release|Any CPU
		{1867FDE4-937F-4517-B0FE-EB104498ACCD}.Release|iPhone.Deploy.0 = Release|Any CPU
		{1867FDE4-937F-4517-B0FE-EB104498ACCD}.Release|iPhoneSimulator.ActiveCfg = Release|Any CPU
		{1867FDE4-937F-4517-B0FE-EB104498ACCD}.Release|iPhoneSimulator.Build.0 = Release|Any CPU
		{1867FDE4-937F-4517-B0FE-EB104498ACCD}.Release|iPhoneSimulator.Deploy.0 = Release|Any CPU
		{1867FDE4-937F-4517-B0FE-EB104498ACCD}.Release|x64.ActiveCfg = Release|Any CPU
		{1867FDE4-937F-4517-B0FE-EB104498ACCD}.Release|x64.Build.0 = Release|Any CPU
		{1867FDE4-937F-4517-B0FE-EB104498ACCD}.Release|x64.Deploy.0 = Release|Any CPU
		{1867FDE4-937F-4517-B0FE-EB104498ACCD}.Release|x86.ActiveCfg = Release|Any CPU
		{1867FDE4-937F-4517-B0FE-EB104498ACCD}.Release|x86.Build.0 = Release|Any CPU
		{1867FDE4-937F-4517-B0FE-EB104498ACCD}.Release|x86.Deploy.0 = Release|Any CPU
		{6CEA437C-64BA-429D-A87A-DE8B9345ACF2}.Ad-Hoc|Any CPU.ActiveCfg = Release|Any CPU
		{6CEA437C-64BA-429D-A87A-DE8B9345ACF2}.Ad-Hoc|Any CPU.Build.0 = Release|Any CPU
		{6CEA437C-64BA-429D-A87A-DE8B9345ACF2}.Ad-Hoc|ARM.ActiveCfg = Release|Any CPU
		{6CEA437C-64BA-429D-A87A-DE8B9345ACF2}.Ad-Hoc|ARM.Build.0 = Release|Any CPU
		{6CEA437C-64BA-429D-A87A-DE8B9345ACF2}.Ad-Hoc|iPhone.ActiveCfg = Release|Any CPU
		{6CEA437C-64BA-429D-A87A-DE8B9345ACF2}.Ad-Hoc|iPhone.Build.0 = Release|Any CPU
		{6CEA437C-64BA-429D-A87A-DE8B9345ACF2}.Ad-Hoc|iPhoneSimulator.ActiveCfg = Release|Any CPU
		{6CEA437C-64BA-429D-A87A-DE8B9345ACF2}.Ad-Hoc|iPhoneSimulator.Build.0 = Release|Any CPU
		{6CEA437C-64BA-429D-A87A-DE8B9345ACF2}.Ad-Hoc|x64.ActiveCfg = Release|Any CPU
		{6CEA437C-64BA-429D-A87A-DE8B9345ACF2}.Ad-Hoc|x64.Build.0 = Release|Any CPU
		{6CEA437C-64BA-429D-A87A-DE8B9345ACF2}.Ad-Hoc|x86.ActiveCfg = Release|Any CPU
		{6CEA437C-64BA-429D-A87A-DE8B9345ACF2}.Ad-Hoc|x86.Build.0 = Release|Any CPU
		{6CEA437C-64BA-429D-A87A-DE8B9345ACF2}.AppStore|Any CPU.ActiveCfg = Release|Any CPU
		{6CEA437C-64BA-429D-A87A-DE8B9345ACF2}.AppStore|Any CPU.Build.0 = Release|Any CPU
		{6CEA437C-64BA-429D-A87A-DE8B9345ACF2}.AppStore|ARM.ActiveCfg = Release|Any CPU
		{6CEA437C-64BA-429D-A87A-DE8B9345ACF2}.AppStore|ARM.Build.0 = Release|Any CPU
		{6CEA437C-64BA-429D-A87A-DE8B9345ACF2}.AppStore|iPhone.ActiveCfg = Release|Any CPU
		{6CEA437C-64BA-429D-A87A-DE8B9345ACF2}.AppStore|iPhone.Build.0 = Release|Any CPU
		{6CEA437C-64BA-429D-A87A-DE8B9345ACF2}.AppStore|iPhoneSimulator.ActiveCfg = Release|Any CPU
		{6CEA437C-64BA-429D-A87A-DE8B9345ACF2}.AppStore|iPhoneSimulator.Build.0 = Release|Any CPU
		{6CEA437C-64BA-429D-A87A-DE8B9345ACF2}.AppStore|x64.ActiveCfg = Release|Any CPU
		{6CEA437C-64BA-429D-A87A-DE8B9345ACF2}.AppStore|x64.Build.0 = Release|Any CPU
		{6CEA437C-64BA-429D-A87A-DE8B9345ACF2}.AppStore|x86.ActiveCfg = Release|Any CPU
		{6CEA437C-64BA-429D-A87A-DE8B9345ACF2}.AppStore|x86.Build.0 = Release|Any CPU
		{6CEA437C-64BA-429D-A87A-DE8B9345ACF2}.Debug|Any CPU.ActiveCfg = Debug|Any CPU
		{6CEA437C-64BA-429D-A87A-DE8B9345ACF2}.Debug|Any CPU.Build.0 = Debug|Any CPU
		{6CEA437C-64BA-429D-A87A-DE8B9345ACF2}.Debug|ARM.ActiveCfg = Debug|Any CPU
		{6CEA437C-64BA-429D-A87A-DE8B9345ACF2}.Debug|ARM.Build.0 = Debug|Any CPU
		{6CEA437C-64BA-429D-A87A-DE8B9345ACF2}.Debug|iPhone.ActiveCfg = Debug|Any CPU
		{6CEA437C-64BA-429D-A87A-DE8B9345ACF2}.Debug|iPhone.Build.0 = Debug|Any CPU
		{6CEA437C-64BA-429D-A87A-DE8B9345ACF2}.Debug|iPhoneSimulator.ActiveCfg = Debug|Any CPU
		{6CEA437C-64BA-429D-A87A-DE8B9345ACF2}.Debug|iPhoneSimulator.Build.0 = Debug|Any CPU
		{6CEA437C-64BA-429D-A87A-DE8B9345ACF2}.Debug|x64.ActiveCfg = Debug|Any CPU
		{6CEA437C-64BA-429D-A87A-DE8B9345ACF2}.Debug|x64.Build.0 = Debug|Any CPU
		{6CEA437C-64BA-429D-A87A-DE8B9345ACF2}.Debug|x86.ActiveCfg = Debug|Any CPU
		{6CEA437C-64BA-429D-A87A-DE8B9345ACF2}.Debug|x86.Build.0 = Debug|Any CPU
		{6CEA437C-64BA-429D-A87A-DE8B9345ACF2}.Release|Any CPU.ActiveCfg = Release|Any CPU
		{6CEA437C-64BA-429D-A87A-DE8B9345ACF2}.Release|Any CPU.Build.0 = Release|Any CPU
		{6CEA437C-64BA-429D-A87A-DE8B9345ACF2}.Release|ARM.ActiveCfg = Release|Any CPU
		{6CEA437C-64BA-429D-A87A-DE8B9345ACF2}.Release|ARM.Build.0 = Release|Any CPU
		{6CEA437C-64BA-429D-A87A-DE8B9345ACF2}.Release|iPhone.ActiveCfg = Release|Any CPU
		{6CEA437C-64BA-429D-A87A-DE8B9345ACF2}.Release|iPhone.Build.0 = Release|Any CPU
		{6CEA437C-64BA-429D-A87A-DE8B9345ACF2}.Release|iPhoneSimulator.ActiveCfg = Release|Any CPU
		{6CEA437C-64BA-429D-A87A-DE8B9345ACF2}.Release|iPhoneSimulator.Build.0 = Release|Any CPU
		{6CEA437C-64BA-429D-A87A-DE8B9345ACF2}.Release|x64.ActiveCfg = Release|Any CPU
		{6CEA437C-64BA-429D-A87A-DE8B9345ACF2}.Release|x64.Build.0 = Release|Any CPU
		{6CEA437C-64BA-429D-A87A-DE8B9345ACF2}.Release|x86.ActiveCfg = Release|Any CPU
		{6CEA437C-64BA-429D-A87A-DE8B9345ACF2}.Release|x86.Build.0 = Release|Any CPU
		{DF777903-A00D-4652-8BFD-6A927E04FD55}.Ad-Hoc|Any CPU.ActiveCfg = Release|x86
		{DF777903-A00D-4652-8BFD-6A927E04FD55}.Ad-Hoc|Any CPU.Build.0 = Release|x86
		{DF777903-A00D-4652-8BFD-6A927E04FD55}.Ad-Hoc|Any CPU.Deploy.0 = Release|x86
		{DF777903-A00D-4652-8BFD-6A927E04FD55}.Ad-Hoc|ARM.ActiveCfg = Release|ARM
		{DF777903-A00D-4652-8BFD-6A927E04FD55}.Ad-Hoc|ARM.Build.0 = Release|ARM
		{DF777903-A00D-4652-8BFD-6A927E04FD55}.Ad-Hoc|ARM.Deploy.0 = Release|ARM
		{DF777903-A00D-4652-8BFD-6A927E04FD55}.Ad-Hoc|iPhone.ActiveCfg = Release|x86
		{DF777903-A00D-4652-8BFD-6A927E04FD55}.Ad-Hoc|iPhone.Build.0 = Release|x86
		{DF777903-A00D-4652-8BFD-6A927E04FD55}.Ad-Hoc|iPhone.Deploy.0 = Release|x86
		{DF777903-A00D-4652-8BFD-6A927E04FD55}.Ad-Hoc|iPhoneSimulator.ActiveCfg = Release|x86
		{DF777903-A00D-4652-8BFD-6A927E04FD55}.Ad-Hoc|iPhoneSimulator.Build.0 = Release|x86
		{DF777903-A00D-4652-8BFD-6A927E04FD55}.Ad-Hoc|iPhoneSimulator.Deploy.0 = Release|x86
		{DF777903-A00D-4652-8BFD-6A927E04FD55}.Ad-Hoc|x64.ActiveCfg = Release|x64
		{DF777903-A00D-4652-8BFD-6A927E04FD55}.Ad-Hoc|x64.Build.0 = Release|x64
		{DF777903-A00D-4652-8BFD-6A927E04FD55}.Ad-Hoc|x64.Deploy.0 = Release|x64
		{DF777903-A00D-4652-8BFD-6A927E04FD55}.Ad-Hoc|x86.ActiveCfg = Release|x86
		{DF777903-A00D-4652-8BFD-6A927E04FD55}.Ad-Hoc|x86.Build.0 = Release|x86
		{DF777903-A00D-4652-8BFD-6A927E04FD55}.Ad-Hoc|x86.Deploy.0 = Release|x86
		{DF777903-A00D-4652-8BFD-6A927E04FD55}.AppStore|Any CPU.ActiveCfg = Release|x86
		{DF777903-A00D-4652-8BFD-6A927E04FD55}.AppStore|Any CPU.Build.0 = Release|x86
		{DF777903-A00D-4652-8BFD-6A927E04FD55}.AppStore|Any CPU.Deploy.0 = Release|x86
		{DF777903-A00D-4652-8BFD-6A927E04FD55}.AppStore|ARM.ActiveCfg = Release|ARM
		{DF777903-A00D-4652-8BFD-6A927E04FD55}.AppStore|ARM.Build.0 = Release|ARM
		{DF777903-A00D-4652-8BFD-6A927E04FD55}.AppStore|ARM.Deploy.0 = Release|ARM
		{DF777903-A00D-4652-8BFD-6A927E04FD55}.AppStore|iPhone.ActiveCfg = Release|x86
		{DF777903-A00D-4652-8BFD-6A927E04FD55}.AppStore|iPhone.Build.0 = Release|x86
		{DF777903-A00D-4652-8BFD-6A927E04FD55}.AppStore|iPhone.Deploy.0 = Release|x86
		{DF777903-A00D-4652-8BFD-6A927E04FD55}.AppStore|iPhoneSimulator.ActiveCfg = Release|x86
		{DF777903-A00D-4652-8BFD-6A927E04FD55}.AppStore|iPhoneSimulator.Build.0 = Release|x86
		{DF777903-A00D-4652-8BFD-6A927E04FD55}.AppStore|iPhoneSimulator.Deploy.0 = Release|x86
		{DF777903-A00D-4652-8BFD-6A927E04FD55}.AppStore|x64.ActiveCfg = Release|x64
		{DF777903-A00D-4652-8BFD-6A927E04FD55}.AppStore|x64.Build.0 = Release|x64
		{DF777903-A00D-4652-8BFD-6A927E04FD55}.AppStore|x64.Deploy.0 = Release|x64
		{DF777903-A00D-4652-8BFD-6A927E04FD55}.AppStore|x86.ActiveCfg = Release|x86
		{DF777903-A00D-4652-8BFD-6A927E04FD55}.AppStore|x86.Build.0 = Release|x86
		{DF777903-A00D-4652-8BFD-6A927E04FD55}.AppStore|x86.Deploy.0 = Release|x86
		{DF777903-A00D-4652-8BFD-6A927E04FD55}.Debug|Any CPU.ActiveCfg = Debug|x86
		{DF777903-A00D-4652-8BFD-6A927E04FD55}.Debug|ARM.ActiveCfg = Debug|ARM
		{DF777903-A00D-4652-8BFD-6A927E04FD55}.Debug|ARM.Build.0 = Debug|ARM
		{DF777903-A00D-4652-8BFD-6A927E04FD55}.Debug|ARM.Deploy.0 = Debug|ARM
		{DF777903-A00D-4652-8BFD-6A927E04FD55}.Debug|iPhone.ActiveCfg = Debug|x86
		{DF777903-A00D-4652-8BFD-6A927E04FD55}.Debug|iPhoneSimulator.ActiveCfg = Debug|x86
		{DF777903-A00D-4652-8BFD-6A927E04FD55}.Debug|x64.ActiveCfg = Debug|x64
		{DF777903-A00D-4652-8BFD-6A927E04FD55}.Debug|x64.Build.0 = Debug|x64
		{DF777903-A00D-4652-8BFD-6A927E04FD55}.Debug|x64.Deploy.0 = Debug|x64
		{DF777903-A00D-4652-8BFD-6A927E04FD55}.Debug|x86.ActiveCfg = Debug|x86
		{DF777903-A00D-4652-8BFD-6A927E04FD55}.Debug|x86.Build.0 = Debug|x86
		{DF777903-A00D-4652-8BFD-6A927E04FD55}.Debug|x86.Deploy.0 = Debug|x86
		{DF777903-A00D-4652-8BFD-6A927E04FD55}.Release|Any CPU.ActiveCfg = Release|x86
		{DF777903-A00D-4652-8BFD-6A927E04FD55}.Release|ARM.ActiveCfg = Release|ARM
		{DF777903-A00D-4652-8BFD-6A927E04FD55}.Release|ARM.Build.0 = Release|ARM
		{DF777903-A00D-4652-8BFD-6A927E04FD55}.Release|ARM.Deploy.0 = Release|ARM
		{DF777903-A00D-4652-8BFD-6A927E04FD55}.Release|iPhone.ActiveCfg = Release|x86
		{DF777903-A00D-4652-8BFD-6A927E04FD55}.Release|iPhoneSimulator.ActiveCfg = Release|x86
		{DF777903-A00D-4652-8BFD-6A927E04FD55}.Release|x64.ActiveCfg = Release|x64
		{DF777903-A00D-4652-8BFD-6A927E04FD55}.Release|x64.Build.0 = Release|x64
		{DF777903-A00D-4652-8BFD-6A927E04FD55}.Release|x64.Deploy.0 = Release|x64
		{DF777903-A00D-4652-8BFD-6A927E04FD55}.Release|x86.ActiveCfg = Release|x86
		{DF777903-A00D-4652-8BFD-6A927E04FD55}.Release|x86.Build.0 = Release|x86
		{DF777903-A00D-4652-8BFD-6A927E04FD55}.Release|x86.Deploy.0 = Release|x86
		{734A8C0F-03AC-4863-8A38-49EE6C0959FA}.Ad-Hoc|Any CPU.ActiveCfg = Ad-Hoc|iPhone
		{734A8C0F-03AC-4863-8A38-49EE6C0959FA}.Ad-Hoc|ARM.ActiveCfg = Ad-Hoc|iPhone
		{734A8C0F-03AC-4863-8A38-49EE6C0959FA}.Ad-Hoc|iPhone.ActiveCfg = Ad-Hoc|iPhone
		{734A8C0F-03AC-4863-8A38-49EE6C0959FA}.Ad-Hoc|iPhone.Build.0 = Ad-Hoc|iPhone
		{734A8C0F-03AC-4863-8A38-49EE6C0959FA}.Ad-Hoc|iPhoneSimulator.ActiveCfg = Ad-Hoc|iPhoneSimulator
		{734A8C0F-03AC-4863-8A38-49EE6C0959FA}.Ad-Hoc|iPhoneSimulator.Build.0 = Ad-Hoc|iPhoneSimulator
		{734A8C0F-03AC-4863-8A38-49EE6C0959FA}.Ad-Hoc|x64.ActiveCfg = Ad-Hoc|iPhone
		{734A8C0F-03AC-4863-8A38-49EE6C0959FA}.Ad-Hoc|x86.ActiveCfg = Ad-Hoc|iPhone
		{734A8C0F-03AC-4863-8A38-49EE6C0959FA}.AppStore|Any CPU.ActiveCfg = AppStore|iPhone
		{734A8C0F-03AC-4863-8A38-49EE6C0959FA}.AppStore|ARM.ActiveCfg = AppStore|iPhone
		{734A8C0F-03AC-4863-8A38-49EE6C0959FA}.AppStore|iPhone.ActiveCfg = AppStore|iPhone
		{734A8C0F-03AC-4863-8A38-49EE6C0959FA}.AppStore|iPhone.Build.0 = AppStore|iPhone
		{734A8C0F-03AC-4863-8A38-49EE6C0959FA}.AppStore|iPhoneSimulator.ActiveCfg = AppStore|iPhoneSimulator
		{734A8C0F-03AC-4863-8A38-49EE6C0959FA}.AppStore|iPhoneSimulator.Build.0 = AppStore|iPhoneSimulator
		{734A8C0F-03AC-4863-8A38-49EE6C0959FA}.AppStore|x64.ActiveCfg = AppStore|iPhone
		{734A8C0F-03AC-4863-8A38-49EE6C0959FA}.AppStore|x86.ActiveCfg = AppStore|iPhone
		{734A8C0F-03AC-4863-8A38-49EE6C0959FA}.Debug|Any CPU.ActiveCfg = Debug|iPhone
		{734A8C0F-03AC-4863-8A38-49EE6C0959FA}.Debug|ARM.ActiveCfg = Debug|iPhone
		{734A8C0F-03AC-4863-8A38-49EE6C0959FA}.Debug|iPhone.ActiveCfg = Debug|iPhone
		{734A8C0F-03AC-4863-8A38-49EE6C0959FA}.Debug|iPhone.Build.0 = Debug|iPhone
		{734A8C0F-03AC-4863-8A38-49EE6C0959FA}.Debug|iPhoneSimulator.ActiveCfg = Debug|iPhoneSimulator
		{734A8C0F-03AC-4863-8A38-49EE6C0959FA}.Debug|iPhoneSimulator.Build.0 = Debug|iPhoneSimulator
		{734A8C0F-03AC-4863-8A38-49EE6C0959FA}.Debug|x64.ActiveCfg = Debug|iPhone
		{734A8C0F-03AC-4863-8A38-49EE6C0959FA}.Debug|x86.ActiveCfg = Debug|iPhone
		{734A8C0F-03AC-4863-8A38-49EE6C0959FA}.Release|Any CPU.ActiveCfg = Release|iPhone
		{734A8C0F-03AC-4863-8A38-49EE6C0959FA}.Release|ARM.ActiveCfg = Release|iPhone
		{734A8C0F-03AC-4863-8A38-49EE6C0959FA}.Release|iPhone.ActiveCfg = Release|iPhone
		{734A8C0F-03AC-4863-8A38-49EE6C0959FA}.Release|iPhone.Build.0 = Release|iPhone
		{734A8C0F-03AC-4863-8A38-49EE6C0959FA}.Release|iPhoneSimulator.ActiveCfg = Release|iPhoneSimulator
		{734A8C0F-03AC-4863-8A38-49EE6C0959FA}.Release|iPhoneSimulator.Build.0 = Release|iPhoneSimulator
		{734A8C0F-03AC-4863-8A38-49EE6C0959FA}.Release|x64.ActiveCfg = Release|iPhone
		{734A8C0F-03AC-4863-8A38-49EE6C0959FA}.Release|x86.ActiveCfg = Release|iPhone
	EndGlobalSection
	GlobalSection(SolutionProperties) = preSolution
		HideSolutionNode = FALSE
	EndGlobalSection
	GlobalSection(NestedProjects) = preSolution
		{3B6ED3CD-46CC-4C74-A4C5-39964A4EBD9C} = {805BC207-7043-4B6C-AA89-8CD099596F39}
		{111B85E0-25D2-44EF-BCF7-1084BE9E0562} = {805BC207-7043-4B6C-AA89-8CD099596F39}
		{85A4142A-1D8C-4629-9538-BD7673C687B3} = {111B85E0-25D2-44EF-BCF7-1084BE9E0562}
		{1867FDE4-937F-4517-B0FE-EB104498ACCD} = {3B6ED3CD-46CC-4C74-A4C5-39964A4EBD9C}
		{6CEA437C-64BA-429D-A87A-DE8B9345ACF2} = {3B6ED3CD-46CC-4C74-A4C5-39964A4EBD9C}
		{DF777903-A00D-4652-8BFD-6A927E04FD55} = {3B6ED3CD-46CC-4C74-A4C5-39964A4EBD9C}
		{734A8C0F-03AC-4863-8A38-49EE6C0959FA} = {3B6ED3CD-46CC-4C74-A4C5-39964A4EBD9C}
	EndGlobalSection
EndGlobal
